
Microsoft Visual Studio Solution File, Format Version 12.00
# Visual Studio Version 17
VisualStudioVersion = 17.7.34221.43
MinimumVisualStudioVersion = 10.0.40219.1
Project("{2150E333-8FDC-42A3-9474-1A3956D46DE8}") = "Engine", "Engine", "{A4895411-C561-4010-94DB-0F2CD43EEB13}"
EndProject
Project("{2150E333-8FDC-42A3-9474-1A3956D46DE8}") = "Framework", "Framework", "{91E69A07-D96C-491D-8D68-D855296E3D38}"
EndProject
Project("{8BC9CEB8-8B4A-11D0-8D11-00A0C91BC942}") = "Core", "Framework\Core\Core.vcxproj", "{E6C1874F-7010-4426-A3DC-B90E92023D73}"
EndProject
Project("{2150E333-8FDC-42A3-9474-1A3956D46DE8}") = "VGP242", "VGP242", "{8352A241-7006-4437-A719-9A317328790B}"
EndProject
Project("{8BC9CEB8-8B4A-11D0-8D11-00A0C91BC942}") = "01_HelloWindow", "VGP242\01_HelloWindow\01_HelloWindow.vcxproj", "{C334D320-1B6F-4518-A77D-936D23F2A07E}"
EndProject
Project("{8BC9CEB8-8B4A-11D0-8D11-00A0C91BC942}") = "Graphics", "Framework\Graphics\Graphics.vcxproj", "{4ED2E746-1D15-4C41-8E77-C6487F43B778}"
EndProject
Project("{2150E333-8FDC-42A3-9474-1A3956D46DE8}") = "External", "External", "{9B740904-0C02-4FC2-8E02-A3D382C43E73}"
EndProject
Project("{8BC9CEB8-8B4A-11D0-8D11-00A0C91BC942}") = "DirectXTK_Desktop_2019", "External\DirectXTK\DirectXTK_Desktop_2019.vcxproj", "{E0B52AE7-E160-4D32-BF3F-910B785E5A8E}"
EndProject
Project("{8BC9CEB8-8B4A-11D0-8D11-00A0C91BC942}") = "Math", "Framework\Math\Math.vcxproj", "{D1CA39EE-E8D8-4137-ADA1-9E35F5D47AC2}"
EndProject
Project("{8BC9CEB8-8B4A-11D0-8D11-00A0C91BC942}") = "Input", "Framework\Input\Input.vcxproj", "{3629F01A-6FED-42EB-B308-E9F7F1346EAF}"
EndProject
Project("{8BC9CEB8-8B4A-11D0-8D11-00A0C91BC942}") = "02_HelloShapes", "VGP242\02_HelloShapes\02_HelloShapes.vcxproj", "{ABB52560-31CD-4BEE-B654-2296DB228AF7}"
EndProject
Project("{2150E333-8FDC-42A3-9474-1A3956D46DE8}") = "Assets", "Assets", "{B1443D85-B641-4865-BAF3-BB8D65C8D8C3}"
EndProject
Project("{2150E333-8FDC-42A3-9474-1A3956D46DE8}") = "Shaders", "Shaders", "{4E8ED22A-D075-4D68-ADA6-0D2185936761}"
	ProjectSection(SolutionItems) = preProject
		Assets\Shaders\CelShading.fx = Assets\Shaders\CelShading.fx
		Assets\Shaders\CRT.fx = Assets\Shaders\CRT.fx
		Assets\Shaders\DoColor.fx = Assets\Shaders\DoColor.fx
		Assets\Shaders\DoTexture.fx = Assets\Shaders\DoTexture.fx
		Assets\Shaders\DoTransform.fx = Assets\Shaders\DoTransform.fx
		Assets\Shaders\GaussianBlur.fx = Assets\Shaders\GaussianBlur.fx
		Assets\Shaders\PostProcessing.fx = Assets\Shaders\PostProcessing.fx
		Assets\Shaders\Shadow.fx = Assets\Shaders\Shadow.fx
		Assets\Shaders\Standard.fx = Assets\Shaders\Standard.fx
		Assets\Shaders\Terrain.fx = Assets\Shaders\Terrain.fx
	EndProjectSection
EndProject
Project("{8BC9CEB8-8B4A-11D0-8D11-00A0C91BC942}") = "03_HelloCube", "VGP242\03_HelloCube\03_HelloCube.vcxproj", "{1E46322E-2C85-4B36-B6B4-793EFD5ED6B8}"
EndProject
Project("{8BC9CEB8-8B4A-11D0-8D11-00A0C91BC942}") = "04_HelloMeshBuilder", "VGP242\04_HelloMeshBuilder\04_HelloMeshBuilder.vcxproj", "{D92DB9AE-1C38-4F21-9549-E1E2AD38B0A2}"
EndProject
Project("{8BC9CEB8-8B4A-11D0-8D11-00A0C91BC942}") = "ImGui", "External\ImGui\ImGui.vcxproj", "{52D656A2-A2F4-4C54-A3C7-653427BED1E8}"
EndProject
Project("{8BC9CEB8-8B4A-11D0-8D11-00A0C91BC942}") = "05_HelloDebug", "VGP242\05_HelloDebug\05_HelloDebug.vcxproj", "{E59DD9E5-12DA-4BBF-9CF1-2760AE320C82}"
EndProject
Project("{8BC9CEB8-8B4A-11D0-8D11-00A0C91BC942}") = "06_HelloSimpleDraw", "VGP242\06_HelloSimpleDraw\06_HelloSimpleDraw.vcxproj", "{E85FCD64-57F4-4BA1-89EE-C6008725D926}"
EndProject
Project("{8BC9CEB8-8B4A-11D0-8D11-00A0C91BC942}") = "07_HelloRenderTarget", "VGP242\07_HelloRenderTarget\07_HelloRenderTarget.vcxproj", "{DD26BFC6-25E2-4FB5-839E-612E12F56A4A}"
EndProject
Project("{8BC9CEB8-8B4A-11D0-8D11-00A0C91BC942}") = "08_HelloSolarSystem", "VGP242\08_HelloSolarSystem\08_HelloSolarSystem.vcxproj", "{AFC7393E-0B40-4FD2-B4EE-F81CCC5B65B9}"
EndProject
Project("{2150E333-8FDC-42A3-9474-1A3956D46DE8}") = "VGP330", "VGP330", "{522960CE-8EC7-4173-9E6E-0092D235D1F4}"
EndProject
Project("{8BC9CEB8-8B4A-11D0-8D11-00A0C91BC942}") = "10_HelloLighting", "VGP330\10_HelloLighting\10_HelloLighting.vcxproj", "{653B71CF-31F3-494C-977F-F21D22BC8147}"
EndProject
Project("{8BC9CEB8-8B4A-11D0-8D11-00A0C91BC942}") = "11_HelloCelShading", "VGP330\11_HelloCelShading\11_HelloCelShading.vcxproj", "{7242E2C8-DE27-4E97-B538-2F5B480DA572}"
EndProject
Project("{2150E333-8FDC-42A3-9474-1A3956D46DE8}") = "Tools", "Tools", "{92D5C83B-290A-40DA-BA5C-B2A6B9500E70}"
EndProject
Project("{8BC9CEB8-8B4A-11D0-8D11-00A0C91BC942}") = "ModelImporter", "Tools\ModelImporter\ModelImporter.vcxproj", "{145A0904-7138-4B18-A25E-56C20C176BC7}"
EndProject
Project("{8BC9CEB8-8B4A-11D0-8D11-00A0C91BC942}") = "12_HelloModel", "VGP330\12_HelloModel\12_HelloModel.vcxproj", "{87666EB2-6959-470A-B266-E40E258F7DC6}"
EndProject
Project("{8BC9CEB8-8B4A-11D0-8D11-00A0C91BC942}") = "13_HelloPostProcessing", "VGP330\13_HelloPostProcessing\13_HelloPostProcessing.vcxproj", "{FBD245DC-9D67-49AD-B627-39198DBB5140}"
EndProject
Project("{8BC9CEB8-8B4A-11D0-8D11-00A0C91BC942}") = "ThanksEngine", "Engine\ThanksEngine\ThanksEngine.vcxproj", "{9A6907A3-E3B2-42D4-9101-407BD9A4A004}"
EndProject
Project("{8BC9CEB8-8B4A-11D0-8D11-00A0C91BC942}") = "14_HelloGuassianBlur", "VGP330\14_HelloGuassianBlur\14_HelloGuassianBlur.vcxproj", "{71026DA0-E50A-4C11-8847-5F6DEEE254E2}"
EndProject
Project("{8BC9CEB8-8B4A-11D0-8D11-00A0C91BC942}") = "15_HelloTerrain", "VGP330\15_HelloTerrain\15_HelloTerrain.vcxproj", "{871D3CE4-211D-4C53-8834-511BBFC338EF}"
EndProject
Project("{8BC9CEB8-8B4A-11D0-8D11-00A0C91BC942}") = "16_HelloShadow", "VGP330\16_HelloShadow\16_HelloShadow.vcxproj", "{2D87329B-0AC1-449D-84AF-CFD5828DC770}"
EndProject
Project("{8BC9CEB8-8B4A-11D0-8D11-00A0C91BC942}") = "17_HelloBillboard", "VGP330\17_HelloBillboard\17_HelloBillboard.vcxproj", "{9A05FCAD-BFCC-411B-BCA5-EBEF106291BB}"
EndProject
Project("{8BC9CEB8-8B4A-11D0-8D11-00A0C91BC942}") = "18_HelloCRT", "VGP330\18_HelloCRT\18_HelloCRT.vcxproj", "{EF75F614-AE35-4411-8973-C89864981D71}"
EndProject
Project("{2150E333-8FDC-42A3-9474-1A3956D46DE8}") = "VGP334", "VGP334", "{0CD59748-5A65-4A91-A924-DF05379B655A}"
EndProject
Project("{8BC9CEB8-8B4A-11D0-8D11-00A0C91BC942}") = "20_HelloAnimation", "VGP334\20_HelloAnimation\20_HelloAnimation.vcxproj", "{3748D1B4-DAFF-417D-AB13-D4C17B572868}"
EndProject
Project("{8BC9CEB8-8B4A-11D0-8D11-00A0C91BC942}") = "21_HelloSkeleton", "VGP334\21_HelloSkeleton\21_HelloSkeleton.vcxproj", "{F2606334-F5DB-4330-9E0C-85B20357B3D4}"
EndProject
Project("{8BC9CEB8-8B4A-11D0-8D11-00A0C91BC942}") = "Bullet", "External\Bullet\Bullet.vcxproj", "{516192EB-788A-4FE7-B2B7-2EF9AC036B12}"
EndProject
Project("{8BC9CEB8-8B4A-11D0-8D11-00A0C91BC942}") = "Physics", "Framework\Physics\Physics.vcxproj", "{B1614AFE-C1C1-4D29-9834-32106A313FCB}"
EndProject
Project("{8BC9CEB8-8B4A-11D0-8D11-00A0C91BC942}") = "22_HelloSkeletonAnimation", "VGP334\22_HelloSkeletonAnimation\22_HelloSkeletonAnimation.vcxproj", "{1BE9D3B8-E19A-44C0-93D6-7AFA553F7FB0}"
EndProject
Project("{8BC9CEB8-8B4A-11D0-8D11-00A0C91BC942}") = "23_HelloPhysics", "VGP334\23_HelloPhysics\23_HelloPhysics.vcxproj", "{07A9A64E-F3B8-4927-A14E-3DF69FB4B246}"
EndProject
Project("{8BC9CEB8-8B4A-11D0-8D11-00A0C91BC942}") = "24_HelloSoftBody", "VGP334\24_HelloSoftBody\24_HelloSoftBody.vcxproj", "{1019E115-4E12-42CB-B047-19F4BF3E8E32}"
EndProject
Project("{8BC9CEB8-8B4A-11D0-8D11-00A0C91BC942}") = "25_HelloParticles", "VGP334\25_HelloParticles\25_HelloParticles.vcxproj", "{0005A0B9-BBF0-4DB1-BEC4-02ABA7C1A3F7}"
EndProject
Project("{8BC9CEB8-8B4A-11D0-8D11-00A0C91BC942}") = "Audio", "Framework\Audio\Audio.vcxproj", "{CF24DF71-CBE4-4B7B-BAC7-46A613D09AA0}"
EndProject
Project("{8BC9CEB8-8B4A-11D0-8D11-00A0C91BC942}") = "DirectXTKAudio_Desktop_2022_Win8", "External\DirectXTK\Audio\DirectXTKAudio_Desktop_2022_Win8.vcxproj", "{4F150A30-CECB-49D1-8283-6A3F57438CF5}"
EndProject
Project("{8BC9CEB8-8B4A-11D0-8D11-00A0C91BC942}") = "26_HelloEvents", "VGP334\26_HelloEvents\26_HelloEvents.vcxproj", "{3D0A7ECD-F332-488E-A681-62D649A71300}"
EndProject
Project("{8BC9CEB8-8B4A-11D0-8D11-00A0C91BC942}") = "27_HelloAnimatedScene", "VGP334\27_HelloAnimatedScene\27_HelloAnimatedScene.vcxproj", "{EA138165-31BE-462D-A5CB-1046C2DE19A5}"
EndProject
Project("{2150E333-8FDC-42A3-9474-1A3956D46DE8}") = "VGP336", "VGP336", "{27A3541E-4955-44E4-B7BC-1DB72223F146}"
EndProject
Project("{8BC9CEB8-8B4A-11D0-8D11-00A0C91BC942}") = "30_HelloMemory", "VGP336\30_HelloMemory\30_HelloMemory.vcxproj", "{A5535E9B-488E-4A61-B8BC-2FA3C1565E0E}"
EndProject
Project("{8BC9CEB8-8B4A-11D0-8D11-00A0C91BC942}") = "31_HelloGameObject", "VGP336\31_HelloGameObject\31_HelloGameObject.vcxproj", "{A8921415-1C89-4534-B8CA-5B51CAD5D996}"
EndProject
Project("{8BC9CEB8-8B4A-11D0-8D11-00A0C91BC942}") = "32_HelloGameObjectFactory", "VGP336\32_HelloGameObjectFactory\32_HelloGameObjectFactory.vcxproj", "{A66457AE-F45E-4FDB-84DB-C2D8291FDCC0}"
EndProject
Global
	GlobalSection(SolutionConfigurationPlatforms) = preSolution
		Debug|x64 = Debug|x64
		Debug|x86 = Debug|x86
		Release|x64 = Release|x64
		Release|x86 = Release|x86
	EndGlobalSection
	GlobalSection(ProjectConfigurationPlatforms) = postSolution
		{E6C1874F-7010-4426-A3DC-B90E92023D73}.Debug|x64.ActiveCfg = Debug|x64
		{E6C1874F-7010-4426-A3DC-B90E92023D73}.Debug|x64.Build.0 = Debug|x64
		{E6C1874F-7010-4426-A3DC-B90E92023D73}.Debug|x86.ActiveCfg = Debug|Win32
		{E6C1874F-7010-4426-A3DC-B90E92023D73}.Debug|x86.Build.0 = Debug|Win32
		{E6C1874F-7010-4426-A3DC-B90E92023D73}.Release|x64.ActiveCfg = Release|x64
		{E6C1874F-7010-4426-A3DC-B90E92023D73}.Release|x64.Build.0 = Release|x64
		{E6C1874F-7010-4426-A3DC-B90E92023D73}.Release|x86.ActiveCfg = Release|Win32
		{E6C1874F-7010-4426-A3DC-B90E92023D73}.Release|x86.Build.0 = Release|Win32
		{C334D320-1B6F-4518-A77D-936D23F2A07E}.Debug|x64.ActiveCfg = Debug|x64
		{C334D320-1B6F-4518-A77D-936D23F2A07E}.Debug|x64.Build.0 = Debug|x64
		{C334D320-1B6F-4518-A77D-936D23F2A07E}.Debug|x86.ActiveCfg = Debug|Win32
		{C334D320-1B6F-4518-A77D-936D23F2A07E}.Debug|x86.Build.0 = Debug|Win32
		{C334D320-1B6F-4518-A77D-936D23F2A07E}.Release|x64.ActiveCfg = Release|x64
		{C334D320-1B6F-4518-A77D-936D23F2A07E}.Release|x64.Build.0 = Release|x64
		{C334D320-1B6F-4518-A77D-936D23F2A07E}.Release|x86.ActiveCfg = Release|Win32
		{C334D320-1B6F-4518-A77D-936D23F2A07E}.Release|x86.Build.0 = Release|Win32
		{4ED2E746-1D15-4C41-8E77-C6487F43B778}.Debug|x64.ActiveCfg = Debug|x64
		{4ED2E746-1D15-4C41-8E77-C6487F43B778}.Debug|x64.Build.0 = Debug|x64
		{4ED2E746-1D15-4C41-8E77-C6487F43B778}.Debug|x86.ActiveCfg = Debug|Win32
		{4ED2E746-1D15-4C41-8E77-C6487F43B778}.Debug|x86.Build.0 = Debug|Win32
		{4ED2E746-1D15-4C41-8E77-C6487F43B778}.Release|x64.ActiveCfg = Release|x64
		{4ED2E746-1D15-4C41-8E77-C6487F43B778}.Release|x64.Build.0 = Release|x64
		{4ED2E746-1D15-4C41-8E77-C6487F43B778}.Release|x86.ActiveCfg = Release|Win32
		{4ED2E746-1D15-4C41-8E77-C6487F43B778}.Release|x86.Build.0 = Release|Win32
		{E0B52AE7-E160-4D32-BF3F-910B785E5A8E}.Debug|x64.ActiveCfg = Debug|x64
		{E0B52AE7-E160-4D32-BF3F-910B785E5A8E}.Debug|x64.Build.0 = Debug|x64
		{E0B52AE7-E160-4D32-BF3F-910B785E5A8E}.Debug|x86.ActiveCfg = Debug|Win32
		{E0B52AE7-E160-4D32-BF3F-910B785E5A8E}.Debug|x86.Build.0 = Debug|Win32
		{E0B52AE7-E160-4D32-BF3F-910B785E5A8E}.Release|x64.ActiveCfg = Release|x64
		{E0B52AE7-E160-4D32-BF3F-910B785E5A8E}.Release|x64.Build.0 = Release|x64
		{E0B52AE7-E160-4D32-BF3F-910B785E5A8E}.Release|x86.ActiveCfg = Release|Win32
		{E0B52AE7-E160-4D32-BF3F-910B785E5A8E}.Release|x86.Build.0 = Release|Win32
		{D1CA39EE-E8D8-4137-ADA1-9E35F5D47AC2}.Debug|x64.ActiveCfg = Debug|x64
		{D1CA39EE-E8D8-4137-ADA1-9E35F5D47AC2}.Debug|x64.Build.0 = Debug|x64
		{D1CA39EE-E8D8-4137-ADA1-9E35F5D47AC2}.Debug|x86.ActiveCfg = Debug|Win32
		{D1CA39EE-E8D8-4137-ADA1-9E35F5D47AC2}.Debug|x86.Build.0 = Debug|Win32
		{D1CA39EE-E8D8-4137-ADA1-9E35F5D47AC2}.Release|x64.ActiveCfg = Release|x64
		{D1CA39EE-E8D8-4137-ADA1-9E35F5D47AC2}.Release|x64.Build.0 = Release|x64
		{D1CA39EE-E8D8-4137-ADA1-9E35F5D47AC2}.Release|x86.ActiveCfg = Release|Win32
		{D1CA39EE-E8D8-4137-ADA1-9E35F5D47AC2}.Release|x86.Build.0 = Release|Win32
		{3629F01A-6FED-42EB-B308-E9F7F1346EAF}.Debug|x64.ActiveCfg = Debug|x64
		{3629F01A-6FED-42EB-B308-E9F7F1346EAF}.Debug|x64.Build.0 = Debug|x64
		{3629F01A-6FED-42EB-B308-E9F7F1346EAF}.Debug|x86.ActiveCfg = Debug|Win32
		{3629F01A-6FED-42EB-B308-E9F7F1346EAF}.Debug|x86.Build.0 = Debug|Win32
		{3629F01A-6FED-42EB-B308-E9F7F1346EAF}.Release|x64.ActiveCfg = Release|x64
		{3629F01A-6FED-42EB-B308-E9F7F1346EAF}.Release|x64.Build.0 = Release|x64
		{3629F01A-6FED-42EB-B308-E9F7F1346EAF}.Release|x86.ActiveCfg = Release|Win32
		{3629F01A-6FED-42EB-B308-E9F7F1346EAF}.Release|x86.Build.0 = Release|Win32
		{ABB52560-31CD-4BEE-B654-2296DB228AF7}.Debug|x64.ActiveCfg = Debug|x64
		{ABB52560-31CD-4BEE-B654-2296DB228AF7}.Debug|x64.Build.0 = Debug|x64
		{ABB52560-31CD-4BEE-B654-2296DB228AF7}.Debug|x86.ActiveCfg = Debug|Win32
		{ABB52560-31CD-4BEE-B654-2296DB228AF7}.Debug|x86.Build.0 = Debug|Win32
		{ABB52560-31CD-4BEE-B654-2296DB228AF7}.Release|x64.ActiveCfg = Release|x64
		{ABB52560-31CD-4BEE-B654-2296DB228AF7}.Release|x64.Build.0 = Release|x64
		{ABB52560-31CD-4BEE-B654-2296DB228AF7}.Release|x86.ActiveCfg = Release|Win32
		{ABB52560-31CD-4BEE-B654-2296DB228AF7}.Release|x86.Build.0 = Release|Win32
		{1E46322E-2C85-4B36-B6B4-793EFD5ED6B8}.Debug|x64.ActiveCfg = Debug|x64
		{1E46322E-2C85-4B36-B6B4-793EFD5ED6B8}.Debug|x64.Build.0 = Debug|x64
		{1E46322E-2C85-4B36-B6B4-793EFD5ED6B8}.Debug|x86.ActiveCfg = Debug|Win32
		{1E46322E-2C85-4B36-B6B4-793EFD5ED6B8}.Debug|x86.Build.0 = Debug|Win32
		{1E46322E-2C85-4B36-B6B4-793EFD5ED6B8}.Release|x64.ActiveCfg = Release|x64
		{1E46322E-2C85-4B36-B6B4-793EFD5ED6B8}.Release|x64.Build.0 = Release|x64
		{1E46322E-2C85-4B36-B6B4-793EFD5ED6B8}.Release|x86.ActiveCfg = Release|Win32
		{1E46322E-2C85-4B36-B6B4-793EFD5ED6B8}.Release|x86.Build.0 = Release|Win32
		{D92DB9AE-1C38-4F21-9549-E1E2AD38B0A2}.Debug|x64.ActiveCfg = Debug|x64
		{D92DB9AE-1C38-4F21-9549-E1E2AD38B0A2}.Debug|x64.Build.0 = Debug|x64
		{D92DB9AE-1C38-4F21-9549-E1E2AD38B0A2}.Debug|x86.ActiveCfg = Debug|Win32
		{D92DB9AE-1C38-4F21-9549-E1E2AD38B0A2}.Debug|x86.Build.0 = Debug|Win32
		{D92DB9AE-1C38-4F21-9549-E1E2AD38B0A2}.Release|x64.ActiveCfg = Release|x64
		{D92DB9AE-1C38-4F21-9549-E1E2AD38B0A2}.Release|x64.Build.0 = Release|x64
		{D92DB9AE-1C38-4F21-9549-E1E2AD38B0A2}.Release|x86.ActiveCfg = Release|Win32
		{D92DB9AE-1C38-4F21-9549-E1E2AD38B0A2}.Release|x86.Build.0 = Release|Win32
		{52D656A2-A2F4-4C54-A3C7-653427BED1E8}.Debug|x64.ActiveCfg = Debug|x64
		{52D656A2-A2F4-4C54-A3C7-653427BED1E8}.Debug|x64.Build.0 = Debug|x64
		{52D656A2-A2F4-4C54-A3C7-653427BED1E8}.Debug|x86.ActiveCfg = Debug|Win32
		{52D656A2-A2F4-4C54-A3C7-653427BED1E8}.Debug|x86.Build.0 = Debug|Win32
		{52D656A2-A2F4-4C54-A3C7-653427BED1E8}.Release|x64.ActiveCfg = Release|x64
		{52D656A2-A2F4-4C54-A3C7-653427BED1E8}.Release|x64.Build.0 = Release|x64
		{52D656A2-A2F4-4C54-A3C7-653427BED1E8}.Release|x86.ActiveCfg = Release|Win32
		{52D656A2-A2F4-4C54-A3C7-653427BED1E8}.Release|x86.Build.0 = Release|Win32
		{E59DD9E5-12DA-4BBF-9CF1-2760AE320C82}.Debug|x64.ActiveCfg = Debug|x64
		{E59DD9E5-12DA-4BBF-9CF1-2760AE320C82}.Debug|x64.Build.0 = Debug|x64
		{E59DD9E5-12DA-4BBF-9CF1-2760AE320C82}.Debug|x86.ActiveCfg = Debug|Win32
		{E59DD9E5-12DA-4BBF-9CF1-2760AE320C82}.Debug|x86.Build.0 = Debug|Win32
		{E59DD9E5-12DA-4BBF-9CF1-2760AE320C82}.Release|x64.ActiveCfg = Release|x64
		{E59DD9E5-12DA-4BBF-9CF1-2760AE320C82}.Release|x64.Build.0 = Release|x64
		{E59DD9E5-12DA-4BBF-9CF1-2760AE320C82}.Release|x86.ActiveCfg = Release|Win32
		{E59DD9E5-12DA-4BBF-9CF1-2760AE320C82}.Release|x86.Build.0 = Release|Win32
		{E85FCD64-57F4-4BA1-89EE-C6008725D926}.Debug|x64.ActiveCfg = Debug|x64
		{E85FCD64-57F4-4BA1-89EE-C6008725D926}.Debug|x64.Build.0 = Debug|x64
		{E85FCD64-57F4-4BA1-89EE-C6008725D926}.Debug|x86.ActiveCfg = Debug|Win32
		{E85FCD64-57F4-4BA1-89EE-C6008725D926}.Debug|x86.Build.0 = Debug|Win32
		{E85FCD64-57F4-4BA1-89EE-C6008725D926}.Release|x64.ActiveCfg = Release|x64
		{E85FCD64-57F4-4BA1-89EE-C6008725D926}.Release|x64.Build.0 = Release|x64
		{E85FCD64-57F4-4BA1-89EE-C6008725D926}.Release|x86.ActiveCfg = Release|Win32
		{E85FCD64-57F4-4BA1-89EE-C6008725D926}.Release|x86.Build.0 = Release|Win32
		{DD26BFC6-25E2-4FB5-839E-612E12F56A4A}.Debug|x64.ActiveCfg = Debug|x64
		{DD26BFC6-25E2-4FB5-839E-612E12F56A4A}.Debug|x64.Build.0 = Debug|x64
		{DD26BFC6-25E2-4FB5-839E-612E12F56A4A}.Debug|x86.ActiveCfg = Debug|Win32
		{DD26BFC6-25E2-4FB5-839E-612E12F56A4A}.Debug|x86.Build.0 = Debug|Win32
		{DD26BFC6-25E2-4FB5-839E-612E12F56A4A}.Release|x64.ActiveCfg = Release|x64
		{DD26BFC6-25E2-4FB5-839E-612E12F56A4A}.Release|x64.Build.0 = Release|x64
		{DD26BFC6-25E2-4FB5-839E-612E12F56A4A}.Release|x86.ActiveCfg = Release|Win32
		{DD26BFC6-25E2-4FB5-839E-612E12F56A4A}.Release|x86.Build.0 = Release|Win32
		{AFC7393E-0B40-4FD2-B4EE-F81CCC5B65B9}.Debug|x64.ActiveCfg = Debug|x64
		{AFC7393E-0B40-4FD2-B4EE-F81CCC5B65B9}.Debug|x64.Build.0 = Debug|x64
		{AFC7393E-0B40-4FD2-B4EE-F81CCC5B65B9}.Debug|x86.ActiveCfg = Debug|Win32
		{AFC7393E-0B40-4FD2-B4EE-F81CCC5B65B9}.Debug|x86.Build.0 = Debug|Win32
		{AFC7393E-0B40-4FD2-B4EE-F81CCC5B65B9}.Release|x64.ActiveCfg = Release|x64
		{AFC7393E-0B40-4FD2-B4EE-F81CCC5B65B9}.Release|x64.Build.0 = Release|x64
		{AFC7393E-0B40-4FD2-B4EE-F81CCC5B65B9}.Release|x86.ActiveCfg = Release|Win32
		{AFC7393E-0B40-4FD2-B4EE-F81CCC5B65B9}.Release|x86.Build.0 = Release|Win32
		{653B71CF-31F3-494C-977F-F21D22BC8147}.Debug|x64.ActiveCfg = Debug|x64
		{653B71CF-31F3-494C-977F-F21D22BC8147}.Debug|x64.Build.0 = Debug|x64
		{653B71CF-31F3-494C-977F-F21D22BC8147}.Debug|x86.ActiveCfg = Debug|Win32
		{653B71CF-31F3-494C-977F-F21D22BC8147}.Debug|x86.Build.0 = Debug|Win32
		{653B71CF-31F3-494C-977F-F21D22BC8147}.Release|x64.ActiveCfg = Release|x64
		{653B71CF-31F3-494C-977F-F21D22BC8147}.Release|x64.Build.0 = Release|x64
		{653B71CF-31F3-494C-977F-F21D22BC8147}.Release|x86.ActiveCfg = Release|Win32
		{653B71CF-31F3-494C-977F-F21D22BC8147}.Release|x86.Build.0 = Release|Win32
		{7242E2C8-DE27-4E97-B538-2F5B480DA572}.Debug|x64.ActiveCfg = Debug|x64
		{7242E2C8-DE27-4E97-B538-2F5B480DA572}.Debug|x64.Build.0 = Debug|x64
		{7242E2C8-DE27-4E97-B538-2F5B480DA572}.Debug|x86.ActiveCfg = Debug|Win32
		{7242E2C8-DE27-4E97-B538-2F5B480DA572}.Debug|x86.Build.0 = Debug|Win32
		{7242E2C8-DE27-4E97-B538-2F5B480DA572}.Release|x64.ActiveCfg = Release|x64
		{7242E2C8-DE27-4E97-B538-2F5B480DA572}.Release|x64.Build.0 = Release|x64
		{7242E2C8-DE27-4E97-B538-2F5B480DA572}.Release|x86.ActiveCfg = Release|Win32
		{7242E2C8-DE27-4E97-B538-2F5B480DA572}.Release|x86.Build.0 = Release|Win32
		{145A0904-7138-4B18-A25E-56C20C176BC7}.Debug|x64.ActiveCfg = Debug|x64
		{145A0904-7138-4B18-A25E-56C20C176BC7}.Debug|x64.Build.0 = Debug|x64
		{145A0904-7138-4B18-A25E-56C20C176BC7}.Debug|x86.ActiveCfg = Debug|Win32
		{145A0904-7138-4B18-A25E-56C20C176BC7}.Debug|x86.Build.0 = Debug|Win32
		{145A0904-7138-4B18-A25E-56C20C176BC7}.Release|x64.ActiveCfg = Release|x64
		{145A0904-7138-4B18-A25E-56C20C176BC7}.Release|x64.Build.0 = Release|x64
		{145A0904-7138-4B18-A25E-56C20C176BC7}.Release|x86.ActiveCfg = Release|Win32
		{145A0904-7138-4B18-A25E-56C20C176BC7}.Release|x86.Build.0 = Release|Win32
		{87666EB2-6959-470A-B266-E40E258F7DC6}.Debug|x64.ActiveCfg = Debug|x64
		{87666EB2-6959-470A-B266-E40E258F7DC6}.Debug|x64.Build.0 = Debug|x64
		{87666EB2-6959-470A-B266-E40E258F7DC6}.Debug|x86.ActiveCfg = Debug|Win32
		{87666EB2-6959-470A-B266-E40E258F7DC6}.Debug|x86.Build.0 = Debug|Win32
		{87666EB2-6959-470A-B266-E40E258F7DC6}.Release|x64.ActiveCfg = Release|x64
		{87666EB2-6959-470A-B266-E40E258F7DC6}.Release|x64.Build.0 = Release|x64
		{87666EB2-6959-470A-B266-E40E258F7DC6}.Release|x86.ActiveCfg = Release|Win32
		{87666EB2-6959-470A-B266-E40E258F7DC6}.Release|x86.Build.0 = Release|Win32
		{FBD245DC-9D67-49AD-B627-39198DBB5140}.Debug|x64.ActiveCfg = Debug|x64
		{FBD245DC-9D67-49AD-B627-39198DBB5140}.Debug|x64.Build.0 = Debug|x64
		{FBD245DC-9D67-49AD-B627-39198DBB5140}.Debug|x86.ActiveCfg = Debug|Win32
		{FBD245DC-9D67-49AD-B627-39198DBB5140}.Debug|x86.Build.0 = Debug|Win32
		{FBD245DC-9D67-49AD-B627-39198DBB5140}.Release|x64.ActiveCfg = Release|x64
		{FBD245DC-9D67-49AD-B627-39198DBB5140}.Release|x64.Build.0 = Release|x64
		{FBD245DC-9D67-49AD-B627-39198DBB5140}.Release|x86.ActiveCfg = Release|Win32
		{FBD245DC-9D67-49AD-B627-39198DBB5140}.Release|x86.Build.0 = Release|Win32
		{9A6907A3-E3B2-42D4-9101-407BD9A4A004}.Debug|x64.ActiveCfg = Debug|x64
		{9A6907A3-E3B2-42D4-9101-407BD9A4A004}.Debug|x64.Build.0 = Debug|x64
		{9A6907A3-E3B2-42D4-9101-407BD9A4A004}.Debug|x86.ActiveCfg = Debug|Win32
		{9A6907A3-E3B2-42D4-9101-407BD9A4A004}.Debug|x86.Build.0 = Debug|Win32
		{9A6907A3-E3B2-42D4-9101-407BD9A4A004}.Release|x64.ActiveCfg = Release|x64
		{9A6907A3-E3B2-42D4-9101-407BD9A4A004}.Release|x64.Build.0 = Release|x64
		{9A6907A3-E3B2-42D4-9101-407BD9A4A004}.Release|x86.ActiveCfg = Release|Win32
		{9A6907A3-E3B2-42D4-9101-407BD9A4A004}.Release|x86.Build.0 = Release|Win32
		{71026DA0-E50A-4C11-8847-5F6DEEE254E2}.Debug|x64.ActiveCfg = Debug|x64
		{71026DA0-E50A-4C11-8847-5F6DEEE254E2}.Debug|x64.Build.0 = Debug|x64
		{71026DA0-E50A-4C11-8847-5F6DEEE254E2}.Debug|x86.ActiveCfg = Debug|Win32
		{71026DA0-E50A-4C11-8847-5F6DEEE254E2}.Debug|x86.Build.0 = Debug|Win32
		{71026DA0-E50A-4C11-8847-5F6DEEE254E2}.Release|x64.ActiveCfg = Release|x64
		{71026DA0-E50A-4C11-8847-5F6DEEE254E2}.Release|x64.Build.0 = Release|x64
		{71026DA0-E50A-4C11-8847-5F6DEEE254E2}.Release|x86.ActiveCfg = Release|Win32
		{71026DA0-E50A-4C11-8847-5F6DEEE254E2}.Release|x86.Build.0 = Release|Win32
		{871D3CE4-211D-4C53-8834-511BBFC338EF}.Debug|x64.ActiveCfg = Debug|x64
		{871D3CE4-211D-4C53-8834-511BBFC338EF}.Debug|x64.Build.0 = Debug|x64
		{871D3CE4-211D-4C53-8834-511BBFC338EF}.Debug|x86.ActiveCfg = Debug|Win32
		{871D3CE4-211D-4C53-8834-511BBFC338EF}.Debug|x86.Build.0 = Debug|Win32
		{871D3CE4-211D-4C53-8834-511BBFC338EF}.Release|x64.ActiveCfg = Release|x64
		{871D3CE4-211D-4C53-8834-511BBFC338EF}.Release|x64.Build.0 = Release|x64
		{871D3CE4-211D-4C53-8834-511BBFC338EF}.Release|x86.ActiveCfg = Release|Win32
		{871D3CE4-211D-4C53-8834-511BBFC338EF}.Release|x86.Build.0 = Release|Win32
		{2D87329B-0AC1-449D-84AF-CFD5828DC770}.Debug|x64.ActiveCfg = Debug|x64
		{2D87329B-0AC1-449D-84AF-CFD5828DC770}.Debug|x64.Build.0 = Debug|x64
		{2D87329B-0AC1-449D-84AF-CFD5828DC770}.Debug|x86.ActiveCfg = Debug|Win32
		{2D87329B-0AC1-449D-84AF-CFD5828DC770}.Debug|x86.Build.0 = Debug|Win32
		{2D87329B-0AC1-449D-84AF-CFD5828DC770}.Release|x64.ActiveCfg = Release|x64
		{2D87329B-0AC1-449D-84AF-CFD5828DC770}.Release|x64.Build.0 = Release|x64
		{2D87329B-0AC1-449D-84AF-CFD5828DC770}.Release|x86.ActiveCfg = Release|Win32
		{2D87329B-0AC1-449D-84AF-CFD5828DC770}.Release|x86.Build.0 = Release|Win32
		{9A05FCAD-BFCC-411B-BCA5-EBEF106291BB}.Debug|x64.ActiveCfg = Debug|x64
		{9A05FCAD-BFCC-411B-BCA5-EBEF106291BB}.Debug|x64.Build.0 = Debug|x64
		{9A05FCAD-BFCC-411B-BCA5-EBEF106291BB}.Debug|x86.ActiveCfg = Debug|Win32
		{9A05FCAD-BFCC-411B-BCA5-EBEF106291BB}.Debug|x86.Build.0 = Debug|Win32
		{9A05FCAD-BFCC-411B-BCA5-EBEF106291BB}.Release|x64.ActiveCfg = Release|x64
		{9A05FCAD-BFCC-411B-BCA5-EBEF106291BB}.Release|x64.Build.0 = Release|x64
		{9A05FCAD-BFCC-411B-BCA5-EBEF106291BB}.Release|x86.ActiveCfg = Release|Win32
		{9A05FCAD-BFCC-411B-BCA5-EBEF106291BB}.Release|x86.Build.0 = Release|Win32
		{EF75F614-AE35-4411-8973-C89864981D71}.Debug|x64.ActiveCfg = Debug|x64
		{EF75F614-AE35-4411-8973-C89864981D71}.Debug|x64.Build.0 = Debug|x64
		{EF75F614-AE35-4411-8973-C89864981D71}.Debug|x86.ActiveCfg = Debug|Win32
		{EF75F614-AE35-4411-8973-C89864981D71}.Debug|x86.Build.0 = Debug|Win32
		{EF75F614-AE35-4411-8973-C89864981D71}.Release|x64.ActiveCfg = Release|x64
		{EF75F614-AE35-4411-8973-C89864981D71}.Release|x64.Build.0 = Release|x64
		{EF75F614-AE35-4411-8973-C89864981D71}.Release|x86.ActiveCfg = Release|Win32
		{EF75F614-AE35-4411-8973-C89864981D71}.Release|x86.Build.0 = Release|Win32
		{3748D1B4-DAFF-417D-AB13-D4C17B572868}.Debug|x64.ActiveCfg = Debug|x64
		{3748D1B4-DAFF-417D-AB13-D4C17B572868}.Debug|x64.Build.0 = Debug|x64
		{3748D1B4-DAFF-417D-AB13-D4C17B572868}.Debug|x86.ActiveCfg = Debug|Win32
		{3748D1B4-DAFF-417D-AB13-D4C17B572868}.Debug|x86.Build.0 = Debug|Win32
		{3748D1B4-DAFF-417D-AB13-D4C17B572868}.Release|x64.ActiveCfg = Release|x64
		{3748D1B4-DAFF-417D-AB13-D4C17B572868}.Release|x64.Build.0 = Release|x64
		{3748D1B4-DAFF-417D-AB13-D4C17B572868}.Release|x86.ActiveCfg = Release|Win32
		{3748D1B4-DAFF-417D-AB13-D4C17B572868}.Release|x86.Build.0 = Release|Win32
		{F2606334-F5DB-4330-9E0C-85B20357B3D4}.Debug|x64.ActiveCfg = Debug|x64
		{F2606334-F5DB-4330-9E0C-85B20357B3D4}.Debug|x64.Build.0 = Debug|x64
		{F2606334-F5DB-4330-9E0C-85B20357B3D4}.Debug|x86.ActiveCfg = Debug|Win32
		{F2606334-F5DB-4330-9E0C-85B20357B3D4}.Debug|x86.Build.0 = Debug|Win32
		{F2606334-F5DB-4330-9E0C-85B20357B3D4}.Release|x64.ActiveCfg = Release|x64
		{F2606334-F5DB-4330-9E0C-85B20357B3D4}.Release|x64.Build.0 = Release|x64
		{F2606334-F5DB-4330-9E0C-85B20357B3D4}.Release|x86.ActiveCfg = Release|Win32
		{F2606334-F5DB-4330-9E0C-85B20357B3D4}.Release|x86.Build.0 = Release|Win32
		{516192EB-788A-4FE7-B2B7-2EF9AC036B12}.Debug|x64.ActiveCfg = Debug|x64
		{516192EB-788A-4FE7-B2B7-2EF9AC036B12}.Debug|x64.Build.0 = Debug|x64
		{516192EB-788A-4FE7-B2B7-2EF9AC036B12}.Debug|x86.ActiveCfg = Debug|Win32
		{516192EB-788A-4FE7-B2B7-2EF9AC036B12}.Debug|x86.Build.0 = Debug|Win32
		{516192EB-788A-4FE7-B2B7-2EF9AC036B12}.Release|x64.ActiveCfg = Release|x64
		{516192EB-788A-4FE7-B2B7-2EF9AC036B12}.Release|x64.Build.0 = Release|x64
		{516192EB-788A-4FE7-B2B7-2EF9AC036B12}.Release|x86.ActiveCfg = Release|Win32
		{516192EB-788A-4FE7-B2B7-2EF9AC036B12}.Release|x86.Build.0 = Release|Win32
		{B1614AFE-C1C1-4D29-9834-32106A313FCB}.Debug|x64.ActiveCfg = Debug|x64
		{B1614AFE-C1C1-4D29-9834-32106A313FCB}.Debug|x64.Build.0 = Debug|x64
		{B1614AFE-C1C1-4D29-9834-32106A313FCB}.Debug|x86.ActiveCfg = Debug|Win32
		{B1614AFE-C1C1-4D29-9834-32106A313FCB}.Debug|x86.Build.0 = Debug|Win32
		{B1614AFE-C1C1-4D29-9834-32106A313FCB}.Release|x64.ActiveCfg = Release|x64
		{B1614AFE-C1C1-4D29-9834-32106A313FCB}.Release|x64.Build.0 = Release|x64
		{B1614AFE-C1C1-4D29-9834-32106A313FCB}.Release|x86.ActiveCfg = Release|Win32
		{B1614AFE-C1C1-4D29-9834-32106A313FCB}.Release|x86.Build.0 = Release|Win32
		{1BE9D3B8-E19A-44C0-93D6-7AFA553F7FB0}.Debug|x64.ActiveCfg = Debug|x64
		{1BE9D3B8-E19A-44C0-93D6-7AFA553F7FB0}.Debug|x64.Build.0 = Debug|x64
		{1BE9D3B8-E19A-44C0-93D6-7AFA553F7FB0}.Debug|x86.ActiveCfg = Debug|Win32
		{1BE9D3B8-E19A-44C0-93D6-7AFA553F7FB0}.Debug|x86.Build.0 = Debug|Win32
		{1BE9D3B8-E19A-44C0-93D6-7AFA553F7FB0}.Release|x64.ActiveCfg = Release|x64
		{1BE9D3B8-E19A-44C0-93D6-7AFA553F7FB0}.Release|x64.Build.0 = Release|x64
		{1BE9D3B8-E19A-44C0-93D6-7AFA553F7FB0}.Release|x86.ActiveCfg = Release|Win32
		{1BE9D3B8-E19A-44C0-93D6-7AFA553F7FB0}.Release|x86.Build.0 = Release|Win32
		{07A9A64E-F3B8-4927-A14E-3DF69FB4B246}.Debug|x64.ActiveCfg = Debug|x64
		{07A9A64E-F3B8-4927-A14E-3DF69FB4B246}.Debug|x64.Build.0 = Debug|x64
		{07A9A64E-F3B8-4927-A14E-3DF69FB4B246}.Debug|x86.ActiveCfg = Debug|Win32
		{07A9A64E-F3B8-4927-A14E-3DF69FB4B246}.Debug|x86.Build.0 = Debug|Win32
		{07A9A64E-F3B8-4927-A14E-3DF69FB4B246}.Release|x64.ActiveCfg = Release|x64
		{07A9A64E-F3B8-4927-A14E-3DF69FB4B246}.Release|x64.Build.0 = Release|x64
		{07A9A64E-F3B8-4927-A14E-3DF69FB4B246}.Release|x86.ActiveCfg = Release|Win32
		{07A9A64E-F3B8-4927-A14E-3DF69FB4B246}.Release|x86.Build.0 = Release|Win32
		{1019E115-4E12-42CB-B047-19F4BF3E8E32}.Debug|x64.ActiveCfg = Debug|x64
		{1019E115-4E12-42CB-B047-19F4BF3E8E32}.Debug|x64.Build.0 = Debug|x64
		{1019E115-4E12-42CB-B047-19F4BF3E8E32}.Debug|x86.ActiveCfg = Debug|Win32
		{1019E115-4E12-42CB-B047-19F4BF3E8E32}.Debug|x86.Build.0 = Debug|Win32
		{1019E115-4E12-42CB-B047-19F4BF3E8E32}.Release|x64.ActiveCfg = Release|x64
		{1019E115-4E12-42CB-B047-19F4BF3E8E32}.Release|x64.Build.0 = Release|x64
		{1019E115-4E12-42CB-B047-19F4BF3E8E32}.Release|x86.ActiveCfg = Release|Win32
		{1019E115-4E12-42CB-B047-19F4BF3E8E32}.Release|x86.Build.0 = Release|Win32
		{0005A0B9-BBF0-4DB1-BEC4-02ABA7C1A3F7}.Debug|x64.ActiveCfg = Debug|x64
		{0005A0B9-BBF0-4DB1-BEC4-02ABA7C1A3F7}.Debug|x64.Build.0 = Debug|x64
		{0005A0B9-BBF0-4DB1-BEC4-02ABA7C1A3F7}.Debug|x86.ActiveCfg = Debug|Win32
		{0005A0B9-BBF0-4DB1-BEC4-02ABA7C1A3F7}.Debug|x86.Build.0 = Debug|Win32
		{0005A0B9-BBF0-4DB1-BEC4-02ABA7C1A3F7}.Release|x64.ActiveCfg = Release|x64
		{0005A0B9-BBF0-4DB1-BEC4-02ABA7C1A3F7}.Release|x64.Build.0 = Release|x64
		{0005A0B9-BBF0-4DB1-BEC4-02ABA7C1A3F7}.Release|x86.ActiveCfg = Release|Win32
		{0005A0B9-BBF0-4DB1-BEC4-02ABA7C1A3F7}.Release|x86.Build.0 = Release|Win32
		{CF24DF71-CBE4-4B7B-BAC7-46A613D09AA0}.Debug|x64.ActiveCfg = Debug|x64
		{CF24DF71-CBE4-4B7B-BAC7-46A613D09AA0}.Debug|x64.Build.0 = Debug|x64
		{CF24DF71-CBE4-4B7B-BAC7-46A613D09AA0}.Debug|x86.ActiveCfg = Debug|Win32
		{CF24DF71-CBE4-4B7B-BAC7-46A613D09AA0}.Debug|x86.Build.0 = Debug|Win32
		{CF24DF71-CBE4-4B7B-BAC7-46A613D09AA0}.Release|x64.ActiveCfg = Release|x64
		{CF24DF71-CBE4-4B7B-BAC7-46A613D09AA0}.Release|x64.Build.0 = Release|x64
		{CF24DF71-CBE4-4B7B-BAC7-46A613D09AA0}.Release|x86.ActiveCfg = Release|Win32
		{CF24DF71-CBE4-4B7B-BAC7-46A613D09AA0}.Release|x86.Build.0 = Release|Win32
		{4F150A30-CECB-49D1-8283-6A3F57438CF5}.Debug|x64.ActiveCfg = Debug|x64
		{4F150A30-CECB-49D1-8283-6A3F57438CF5}.Debug|x64.Build.0 = Debug|x64
		{4F150A30-CECB-49D1-8283-6A3F57438CF5}.Debug|x86.ActiveCfg = Debug|Win32
		{4F150A30-CECB-49D1-8283-6A3F57438CF5}.Debug|x86.Build.0 = Debug|Win32
		{4F150A30-CECB-49D1-8283-6A3F57438CF5}.Release|x64.ActiveCfg = Release|x64
		{4F150A30-CECB-49D1-8283-6A3F57438CF5}.Release|x64.Build.0 = Release|x64
		{4F150A30-CECB-49D1-8283-6A3F57438CF5}.Release|x86.ActiveCfg = Release|Win32
		{4F150A30-CECB-49D1-8283-6A3F57438CF5}.Release|x86.Build.0 = Release|Win32
		{3D0A7ECD-F332-488E-A681-62D649A71300}.Debug|x64.ActiveCfg = Debug|x64
		{3D0A7ECD-F332-488E-A681-62D649A71300}.Debug|x64.Build.0 = Debug|x64
		{3D0A7ECD-F332-488E-A681-62D649A71300}.Debug|x86.ActiveCfg = Debug|Win32
		{3D0A7ECD-F332-488E-A681-62D649A71300}.Debug|x86.Build.0 = Debug|Win32
		{3D0A7ECD-F332-488E-A681-62D649A71300}.Release|x64.ActiveCfg = Release|x64
		{3D0A7ECD-F332-488E-A681-62D649A71300}.Release|x64.Build.0 = Release|x64
		{3D0A7ECD-F332-488E-A681-62D649A71300}.Release|x86.ActiveCfg = Release|Win32
		{3D0A7ECD-F332-488E-A681-62D649A71300}.Release|x86.Build.0 = Release|Win32
		{EA138165-31BE-462D-A5CB-1046C2DE19A5}.Debug|x64.ActiveCfg = Debug|x64
		{EA138165-31BE-462D-A5CB-1046C2DE19A5}.Debug|x64.Build.0 = Debug|x64
		{EA138165-31BE-462D-A5CB-1046C2DE19A5}.Debug|x86.ActiveCfg = Debug|Win32
		{EA138165-31BE-462D-A5CB-1046C2DE19A5}.Debug|x86.Build.0 = Debug|Win32
		{EA138165-31BE-462D-A5CB-1046C2DE19A5}.Release|x64.ActiveCfg = Release|x64
		{EA138165-31BE-462D-A5CB-1046C2DE19A5}.Release|x64.Build.0 = Release|x64
		{EA138165-31BE-462D-A5CB-1046C2DE19A5}.Release|x86.ActiveCfg = Release|Win32
		{EA138165-31BE-462D-A5CB-1046C2DE19A5}.Release|x86.Build.0 = Release|Win32
		{A5535E9B-488E-4A61-B8BC-2FA3C1565E0E}.Debug|x64.ActiveCfg = Debug|x64
		{A5535E9B-488E-4A61-B8BC-2FA3C1565E0E}.Debug|x64.Build.0 = Debug|x64
		{A5535E9B-488E-4A61-B8BC-2FA3C1565E0E}.Debug|x86.ActiveCfg = Debug|Win32
		{A5535E9B-488E-4A61-B8BC-2FA3C1565E0E}.Debug|x86.Build.0 = Debug|Win32
		{A5535E9B-488E-4A61-B8BC-2FA3C1565E0E}.Release|x64.ActiveCfg = Release|x64
		{A5535E9B-488E-4A61-B8BC-2FA3C1565E0E}.Release|x64.Build.0 = Release|x64
		{A5535E9B-488E-4A61-B8BC-2FA3C1565E0E}.Release|x86.ActiveCfg = Release|Win32
		{A5535E9B-488E-4A61-B8BC-2FA3C1565E0E}.Release|x86.Build.0 = Release|Win32
		{A8921415-1C89-4534-B8CA-5B51CAD5D996}.Debug|x64.ActiveCfg = Debug|x64
		{A8921415-1C89-4534-B8CA-5B51CAD5D996}.Debug|x64.Build.0 = Debug|x64
		{A8921415-1C89-4534-B8CA-5B51CAD5D996}.Debug|x86.ActiveCfg = Debug|Win32
		{A8921415-1C89-4534-B8CA-5B51CAD5D996}.Debug|x86.Build.0 = Debug|Win32
		{A8921415-1C89-4534-B8CA-5B51CAD5D996}.Release|x64.ActiveCfg = Release|x64
		{A8921415-1C89-4534-B8CA-5B51CAD5D996}.Release|x64.Build.0 = Release|x64
		{A8921415-1C89-4534-B8CA-5B51CAD5D996}.Release|x86.ActiveCfg = Release|Win32
		{A8921415-1C89-4534-B8CA-5B51CAD5D996}.Release|x86.Build.0 = Release|Win32
		{A66457AE-F45E-4FDB-84DB-C2D8291FDCC0}.Debug|x64.ActiveCfg = Debug|x64
		{A66457AE-F45E-4FDB-84DB-C2D8291FDCC0}.Debug|x64.Build.0 = Debug|x64
		{A66457AE-F45E-4FDB-84DB-C2D8291FDCC0}.Debug|x86.ActiveCfg = Debug|Win32
		{A66457AE-F45E-4FDB-84DB-C2D8291FDCC0}.Debug|x86.Build.0 = Debug|Win32
		{A66457AE-F45E-4FDB-84DB-C2D8291FDCC0}.Release|x64.ActiveCfg = Release|x64
		{A66457AE-F45E-4FDB-84DB-C2D8291FDCC0}.Release|x64.Build.0 = Release|x64
		{A66457AE-F45E-4FDB-84DB-C2D8291FDCC0}.Release|x86.ActiveCfg = Release|Win32
		{A66457AE-F45E-4FDB-84DB-C2D8291FDCC0}.Release|x86.Build.0 = Release|Win32
	EndGlobalSection
	GlobalSection(SolutionProperties) = preSolution
		HideSolutionNode = FALSE
	EndGlobalSection
	GlobalSection(NestedProjects) = preSolution
		{E6C1874F-7010-4426-A3DC-B90E92023D73} = {91E69A07-D96C-491D-8D68-D855296E3D38}
		{C334D320-1B6F-4518-A77D-936D23F2A07E} = {8352A241-7006-4437-A719-9A317328790B}
		{4ED2E746-1D15-4C41-8E77-C6487F43B778} = {91E69A07-D96C-491D-8D68-D855296E3D38}
		{E0B52AE7-E160-4D32-BF3F-910B785E5A8E} = {9B740904-0C02-4FC2-8E02-A3D382C43E73}
		{D1CA39EE-E8D8-4137-ADA1-9E35F5D47AC2} = {91E69A07-D96C-491D-8D68-D855296E3D38}
		{3629F01A-6FED-42EB-B308-E9F7F1346EAF} = {91E69A07-D96C-491D-8D68-D855296E3D38}
		{ABB52560-31CD-4BEE-B654-2296DB228AF7} = {8352A241-7006-4437-A719-9A317328790B}
		{4E8ED22A-D075-4D68-ADA6-0D2185936761} = {B1443D85-B641-4865-BAF3-BB8D65C8D8C3}
		{1E46322E-2C85-4B36-B6B4-793EFD5ED6B8} = {8352A241-7006-4437-A719-9A317328790B}
		{D92DB9AE-1C38-4F21-9549-E1E2AD38B0A2} = {8352A241-7006-4437-A719-9A317328790B}
		{52D656A2-A2F4-4C54-A3C7-653427BED1E8} = {9B740904-0C02-4FC2-8E02-A3D382C43E73}
		{E59DD9E5-12DA-4BBF-9CF1-2760AE320C82} = {8352A241-7006-4437-A719-9A317328790B}
		{E85FCD64-57F4-4BA1-89EE-C6008725D926} = {8352A241-7006-4437-A719-9A317328790B}
		{DD26BFC6-25E2-4FB5-839E-612E12F56A4A} = {8352A241-7006-4437-A719-9A317328790B}
		{AFC7393E-0B40-4FD2-B4EE-F81CCC5B65B9} = {8352A241-7006-4437-A719-9A317328790B}
		{653B71CF-31F3-494C-977F-F21D22BC8147} = {522960CE-8EC7-4173-9E6E-0092D235D1F4}
		{7242E2C8-DE27-4E97-B538-2F5B480DA572} = {522960CE-8EC7-4173-9E6E-0092D235D1F4}
		{145A0904-7138-4B18-A25E-56C20C176BC7} = {92D5C83B-290A-40DA-BA5C-B2A6B9500E70}
		{87666EB2-6959-470A-B266-E40E258F7DC6} = {522960CE-8EC7-4173-9E6E-0092D235D1F4}
		{FBD245DC-9D67-49AD-B627-39198DBB5140} = {522960CE-8EC7-4173-9E6E-0092D235D1F4}
		{9A6907A3-E3B2-42D4-9101-407BD9A4A004} = {A4895411-C561-4010-94DB-0F2CD43EEB13}
		{71026DA0-E50A-4C11-8847-5F6DEEE254E2} = {522960CE-8EC7-4173-9E6E-0092D235D1F4}
		{871D3CE4-211D-4C53-8834-511BBFC338EF} = {522960CE-8EC7-4173-9E6E-0092D235D1F4}
		{2D87329B-0AC1-449D-84AF-CFD5828DC770} = {522960CE-8EC7-4173-9E6E-0092D235D1F4}
		{9A05FCAD-BFCC-411B-BCA5-EBEF106291BB} = {522960CE-8EC7-4173-9E6E-0092D235D1F4}
		{EF75F614-AE35-4411-8973-C89864981D71} = {522960CE-8EC7-4173-9E6E-0092D235D1F4}
		{3748D1B4-DAFF-417D-AB13-D4C17B572868} = {0CD59748-5A65-4A91-A924-DF05379B655A}
		{F2606334-F5DB-4330-9E0C-85B20357B3D4} = {0CD59748-5A65-4A91-A924-DF05379B655A}
		{516192EB-788A-4FE7-B2B7-2EF9AC036B12} = {9B740904-0C02-4FC2-8E02-A3D382C43E73}
		{B1614AFE-C1C1-4D29-9834-32106A313FCB} = {91E69A07-D96C-491D-8D68-D855296E3D38}
		{1BE9D3B8-E19A-44C0-93D6-7AFA553F7FB0} = {0CD59748-5A65-4A91-A924-DF05379B655A}
		{07A9A64E-F3B8-4927-A14E-3DF69FB4B246} = {0CD59748-5A65-4A91-A924-DF05379B655A}
		{1019E115-4E12-42CB-B047-19F4BF3E8E32} = {0CD59748-5A65-4A91-A924-DF05379B655A}
		{0005A0B9-BBF0-4DB1-BEC4-02ABA7C1A3F7} = {0CD59748-5A65-4A91-A924-DF05379B655A}
		{CF24DF71-CBE4-4B7B-BAC7-46A613D09AA0} = {91E69A07-D96C-491D-8D68-D855296E3D38}
		{4F150A30-CECB-49D1-8283-6A3F57438CF5} = {9B740904-0C02-4FC2-8E02-A3D382C43E73}
		{3D0A7ECD-F332-488E-A681-62D649A71300} = {0CD59748-5A65-4A91-A924-DF05379B655A}
		{EA138165-31BE-462D-A5CB-1046C2DE19A5} = {0CD59748-5A65-4A91-A924-DF05379B655A}
		{A5535E9B-488E-4A61-B8BC-2FA3C1565E0E} = {27A3541E-4955-44E4-B7BC-1DB72223F146}
		{A8921415-1C89-4534-B8CA-5B51CAD5D996} = {27A3541E-4955-44E4-B7BC-1DB72223F146}
		{A66457AE-F45E-4FDB-84DB-C2D8291FDCC0} = {27A3541E-4955-44E4-B7BC-1DB72223F146}
	EndGlobalSection
	GlobalSection(ExtensibilityGlobals) = postSolution
		SolutionGuid = {8FE74B6F-6EB1-4809-B285-5C9440857B8D}
	EndGlobalSection
EndGlobal
