
Microsoft Visual Studio Solution File, Format Version 12.00
# Visual Studio Version 17
VisualStudioVersion = 17.9.34728.123
MinimumVisualStudioVersion = 10.0.40219.1
Project("{2150E333-8FDC-42A3-9474-1A3956D46DE8}") = "Engine", "Engine", "{6F5B120F-1A75-4DD6-A7B7-6C89C151F2E9}"
EndProject
Project("{2150E333-8FDC-42A3-9474-1A3956D46DE8}") = "Framework", "Framework", "{41D9FF9D-E654-4EB1-AF01-F6EE2158E46B}"
EndProject
Project("{2150E333-8FDC-42A3-9474-1A3956D46DE8}") = "VGP242", "VGP242", "{B4B4D286-6F22-4536-9771-11547DB6DC5B}"
EndProject
Project("{8BC9CEB8-8B4A-11D0-8D11-00A0C91BC942}") = "01_HelloWindow", "VGP242\01_HelloWindow\01_HelloWindow.vcxproj", "{30DAAB7D-7AEA-4D48-AAE3-8A7F8D336A8F}"
EndProject
Project("{8BC9CEB8-8B4A-11D0-8D11-00A0C91BC942}") = "Core", "Framework\Core\Core.vcxproj", "{10E94363-85B4-4C8E-AE1B-55F0FFF5320F}"
EndProject
Project("{8BC9CEB8-8B4A-11D0-8D11-00A0C91BC942}") = "ThanksEngine", "Engine\ThanksEngine\ThanksEngine.vcxproj", "{1CBAD827-7008-4A1B-AE54-1EAAF744C2F2}"
EndProject
Project("{8BC9CEB8-8B4A-11D0-8D11-00A0C91BC942}") = "Graphics", "Framework\Graphics\Graphics.vcxproj", "{DEB72EC1-7778-4DA0-B9FA-09E9A9730A88}"
EndProject
Project("{2150E333-8FDC-42A3-9474-1A3956D46DE8}") = "External", "External", "{0D934189-CAAB-4405-90F6-8BFCA8A5EF1D}"
EndProject
Project("{8BC9CEB8-8B4A-11D0-8D11-00A0C91BC942}") = "DirectXTK_Desktop_2019", "External\DirectXTK\DirectXTK_Desktop_2019.vcxproj", "{E0B52AE7-E160-4D32-BF3F-910B785E5A8E}"
EndProject
Project("{8BC9CEB8-8B4A-11D0-8D11-00A0C91BC942}") = "Math", "Framework\Math\Math.vcxproj", "{85BE583F-FA37-4A76-AA86-143209BA1936}"
EndProject
Project("{8BC9CEB8-8B4A-11D0-8D11-00A0C91BC942}") = "Input", "Framework\Input\Input.vcxproj", "{3629F01A-6FED-42EB-B308-E9F7F1346EAF}"
EndProject
Project("{8BC9CEB8-8B4A-11D0-8D11-00A0C91BC942}") = "02_HelloShapes", "VGP242\02_HelloShapes\02_HelloShapes.vcxproj", "{A4460FCF-084E-4CEE-8E22-B55A6226F33F}"
EndProject
Project("{2150E333-8FDC-42A3-9474-1A3956D46DE8}") = "Assets", "Assets", "{1C37D43E-B94C-4372-90BB-373A3B24541E}"
EndProject
Project("{2150E333-8FDC-42A3-9474-1A3956D46DE8}") = "Shaders", "Shaders", "{EF563EC4-5478-47A2-B906-51BF561CF95E}"
	ProjectSection(SolutionItems) = preProject
		Assets\Shaders\DoColor.fx = Assets\Shaders\DoColor.fx
		Assets\Shaders\DoTransform.fx = Assets\Shaders\DoTransform.fx
	EndProjectSection
EndProject
Project("{8BC9CEB8-8B4A-11D0-8D11-00A0C91BC942}") = "03_HelloCube", "VGP242\03_HelloCube\03_HelloCube.vcxproj", "{682AF690-84F7-448D-8C55-B6E3B22D21C7}"
EndProject
Global
	GlobalSection(SolutionConfigurationPlatforms) = preSolution
		Debug|x64 = Debug|x64
		Debug|x86 = Debug|x86
		Release|x64 = Release|x64
		Release|x86 = Release|x86
	EndGlobalSection
	GlobalSection(ProjectConfigurationPlatforms) = postSolution
		{30DAAB7D-7AEA-4D48-AAE3-8A7F8D336A8F}.Debug|x64.ActiveCfg = Debug|x64
		{30DAAB7D-7AEA-4D48-AAE3-8A7F8D336A8F}.Debug|x64.Build.0 = Debug|x64
		{30DAAB7D-7AEA-4D48-AAE3-8A7F8D336A8F}.Debug|x86.ActiveCfg = Debug|Win32
		{30DAAB7D-7AEA-4D48-AAE3-8A7F8D336A8F}.Debug|x86.Build.0 = Debug|Win32
		{30DAAB7D-7AEA-4D48-AAE3-8A7F8D336A8F}.Release|x64.ActiveCfg = Release|x64
		{30DAAB7D-7AEA-4D48-AAE3-8A7F8D336A8F}.Release|x64.Build.0 = Release|x64
		{30DAAB7D-7AEA-4D48-AAE3-8A7F8D336A8F}.Release|x86.ActiveCfg = Release|Win32
		{30DAAB7D-7AEA-4D48-AAE3-8A7F8D336A8F}.Release|x86.Build.0 = Release|Win32
		{10E94363-85B4-4C8E-AE1B-55F0FFF5320F}.Debug|x64.ActiveCfg = Debug|x64
		{10E94363-85B4-4C8E-AE1B-55F0FFF5320F}.Debug|x64.Build.0 = Debug|x64
		{10E94363-85B4-4C8E-AE1B-55F0FFF5320F}.Debug|x86.ActiveCfg = Debug|Win32
		{10E94363-85B4-4C8E-AE1B-55F0FFF5320F}.Debug|x86.Build.0 = Debug|Win32
		{10E94363-85B4-4C8E-AE1B-55F0FFF5320F}.Release|x64.ActiveCfg = Release|x64
		{10E94363-85B4-4C8E-AE1B-55F0FFF5320F}.Release|x64.Build.0 = Release|x64
		{10E94363-85B4-4C8E-AE1B-55F0FFF5320F}.Release|x86.ActiveCfg = Release|Win32
		{10E94363-85B4-4C8E-AE1B-55F0FFF5320F}.Release|x86.Build.0 = Release|Win32
		{1CBAD827-7008-4A1B-AE54-1EAAF744C2F2}.Debug|x64.ActiveCfg = Debug|x64
		{1CBAD827-7008-4A1B-AE54-1EAAF744C2F2}.Debug|x64.Build.0 = Debug|x64
		{1CBAD827-7008-4A1B-AE54-1EAAF744C2F2}.Debug|x86.ActiveCfg = Debug|Win32
		{1CBAD827-7008-4A1B-AE54-1EAAF744C2F2}.Debug|x86.Build.0 = Debug|Win32
		{1CBAD827-7008-4A1B-AE54-1EAAF744C2F2}.Release|x64.ActiveCfg = Release|x64
		{1CBAD827-7008-4A1B-AE54-1EAAF744C2F2}.Release|x64.Build.0 = Release|x64
		{1CBAD827-7008-4A1B-AE54-1EAAF744C2F2}.Release|x86.ActiveCfg = Release|Win32
		{1CBAD827-7008-4A1B-AE54-1EAAF744C2F2}.Release|x86.Build.0 = Release|Win32
		{DEB72EC1-7778-4DA0-B9FA-09E9A9730A88}.Debug|x64.ActiveCfg = Debug|x64
		{DEB72EC1-7778-4DA0-B9FA-09E9A9730A88}.Debug|x64.Build.0 = Debug|x64
		{DEB72EC1-7778-4DA0-B9FA-09E9A9730A88}.Debug|x86.ActiveCfg = Debug|Win32
		{DEB72EC1-7778-4DA0-B9FA-09E9A9730A88}.Debug|x86.Build.0 = Debug|Win32
		{DEB72EC1-7778-4DA0-B9FA-09E9A9730A88}.Release|x64.ActiveCfg = Release|x64
		{DEB72EC1-7778-4DA0-B9FA-09E9A9730A88}.Release|x64.Build.0 = Release|x64
		{DEB72EC1-7778-4DA0-B9FA-09E9A9730A88}.Release|x86.ActiveCfg = Release|Win32
		{DEB72EC1-7778-4DA0-B9FA-09E9A9730A88}.Release|x86.Build.0 = Release|Win32
		{E0B52AE7-E160-4D32-BF3F-910B785E5A8E}.Debug|x64.ActiveCfg = Debug|x64
		{E0B52AE7-E160-4D32-BF3F-910B785E5A8E}.Debug|x64.Build.0 = Debug|x64
		{E0B52AE7-E160-4D32-BF3F-910B785E5A8E}.Debug|x86.ActiveCfg = Debug|Win32
		{E0B52AE7-E160-4D32-BF3F-910B785E5A8E}.Debug|x86.Build.0 = Debug|Win32
		{E0B52AE7-E160-4D32-BF3F-910B785E5A8E}.Release|x64.ActiveCfg = Release|x64
		{E0B52AE7-E160-4D32-BF3F-910B785E5A8E}.Release|x64.Build.0 = Release|x64
		{E0B52AE7-E160-4D32-BF3F-910B785E5A8E}.Release|x86.ActiveCfg = Release|Win32
		{E0B52AE7-E160-4D32-BF3F-910B785E5A8E}.Release|x86.Build.0 = Release|Win32
		{85BE583F-FA37-4A76-AA86-143209BA1936}.Debug|x64.ActiveCfg = Debug|x64
		{85BE583F-FA37-4A76-AA86-143209BA1936}.Debug|x64.Build.0 = Debug|x64
		{85BE583F-FA37-4A76-AA86-143209BA1936}.Debug|x86.ActiveCfg = Debug|Win32
		{85BE583F-FA37-4A76-AA86-143209BA1936}.Debug|x86.Build.0 = Debug|Win32
		{85BE583F-FA37-4A76-AA86-143209BA1936}.Release|x64.ActiveCfg = Release|x64
		{85BE583F-FA37-4A76-AA86-143209BA1936}.Release|x64.Build.0 = Release|x64
		{85BE583F-FA37-4A76-AA86-143209BA1936}.Release|x86.ActiveCfg = Release|Win32
		{85BE583F-FA37-4A76-AA86-143209BA1936}.Release|x86.Build.0 = Release|Win32
		{3629F01A-6FED-42EB-B308-E9F7F1346EAF}.Debug|x64.ActiveCfg = Debug|x64
		{3629F01A-6FED-42EB-B308-E9F7F1346EAF}.Debug|x64.Build.0 = Debug|x64
		{3629F01A-6FED-42EB-B308-E9F7F1346EAF}.Debug|x86.ActiveCfg = Debug|Win32
		{3629F01A-6FED-42EB-B308-E9F7F1346EAF}.Debug|x86.Build.0 = Debug|Win32
		{3629F01A-6FED-42EB-B308-E9F7F1346EAF}.Release|x64.ActiveCfg = Release|x64
		{3629F01A-6FED-42EB-B308-E9F7F1346EAF}.Release|x64.Build.0 = Release|x64
		{3629F01A-6FED-42EB-B308-E9F7F1346EAF}.Release|x86.ActiveCfg = Release|Win32
		{3629F01A-6FED-42EB-B308-E9F7F1346EAF}.Release|x86.Build.0 = Release|Win32
		{A4460FCF-084E-4CEE-8E22-B55A6226F33F}.Debug|x64.ActiveCfg = Debug|x64
		{A4460FCF-084E-4CEE-8E22-B55A6226F33F}.Debug|x64.Build.0 = Debug|x64
		{A4460FCF-084E-4CEE-8E22-B55A6226F33F}.Debug|x86.ActiveCfg = Debug|Win32
		{A4460FCF-084E-4CEE-8E22-B55A6226F33F}.Debug|x86.Build.0 = Debug|Win32
		{A4460FCF-084E-4CEE-8E22-B55A6226F33F}.Release|x64.ActiveCfg = Release|x64
		{A4460FCF-084E-4CEE-8E22-B55A6226F33F}.Release|x64.Build.0 = Release|x64
		{A4460FCF-084E-4CEE-8E22-B55A6226F33F}.Release|x86.ActiveCfg = Release|Win32
		{A4460FCF-084E-4CEE-8E22-B55A6226F33F}.Release|x86.Build.0 = Release|Win32
		{682AF690-84F7-448D-8C55-B6E3B22D21C7}.Debug|x64.ActiveCfg = Debug|x64
		{682AF690-84F7-448D-8C55-B6E3B22D21C7}.Debug|x64.Build.0 = Debug|x64
		{682AF690-84F7-448D-8C55-B6E3B22D21C7}.Debug|x86.ActiveCfg = Debug|Win32
		{682AF690-84F7-448D-8C55-B6E3B22D21C7}.Debug|x86.Build.0 = Debug|Win32
		{682AF690-84F7-448D-8C55-B6E3B22D21C7}.Release|x64.ActiveCfg = Release|x64
		{682AF690-84F7-448D-8C55-B6E3B22D21C7}.Release|x64.Build.0 = Release|x64
		{682AF690-84F7-448D-8C55-B6E3B22D21C7}.Release|x86.ActiveCfg = Release|Win32
		{682AF690-84F7-448D-8C55-B6E3B22D21C7}.Release|x86.Build.0 = Release|Win32
	EndGlobalSection
	GlobalSection(SolutionProperties) = preSolution
		HideSolutionNode = FALSE
	EndGlobalSection
	GlobalSection(NestedProjects) = preSolution
		{30DAAB7D-7AEA-4D48-AAE3-8A7F8D336A8F} = {B4B4D286-6F22-4536-9771-11547DB6DC5B}
		{10E94363-85B4-4C8E-AE1B-55F0FFF5320F} = {41D9FF9D-E654-4EB1-AF01-F6EE2158E46B}
		{1CBAD827-7008-4A1B-AE54-1EAAF744C2F2} = {6F5B120F-1A75-4DD6-A7B7-6C89C151F2E9}
		{DEB72EC1-7778-4DA0-B9FA-09E9A9730A88} = {41D9FF9D-E654-4EB1-AF01-F6EE2158E46B}
		{E0B52AE7-E160-4D32-BF3F-910B785E5A8E} = {0D934189-CAAB-4405-90F6-8BFCA8A5EF1D}
		{85BE583F-FA37-4A76-AA86-143209BA1936} = {41D9FF9D-E654-4EB1-AF01-F6EE2158E46B}
		{3629F01A-6FED-42EB-B308-E9F7F1346EAF} = {41D9FF9D-E654-4EB1-AF01-F6EE2158E46B}
		{A4460FCF-084E-4CEE-8E22-B55A6226F33F} = {B4B4D286-6F22-4536-9771-11547DB6DC5B}
		{EF563EC4-5478-47A2-B906-51BF561CF95E} = {1C37D43E-B94C-4372-90BB-373A3B24541E}
		{682AF690-84F7-448D-8C55-B6E3B22D21C7} = {B4B4D286-6F22-4536-9771-11547DB6DC5B}
	EndGlobalSection
	GlobalSection(ExtensibilityGlobals) = postSolution
		SolutionGuid = {D1F3C109-EA66-4D0C-8294-0AD80B755E06}
	EndGlobalSection
EndGlobal
